
Microsoft Visual Studio Solution File, Format Version 12.00
# Visual Studio Version 17
VisualStudioVersion = 17.6.33723.286
MinimumVisualStudioVersion = 10.0.40219.1
Project("{FAE04EC0-301F-11D3-BF4B-00C04F79EFBC}") = "Application", "GC.Application\Application.csproj", "{3BA53722-093A-4B61-BC09-5393E439A869}"
EndProject
Project("{FAE04EC0-301F-11D3-BF4B-00C04F79EFBC}") = "API", "GC.API\API.csproj", "{F0160AC2-DB68-49AF-BB69-0F6598622925}"
EndProject
Project("{FAE04EC0-301F-11D3-BF4B-00C04F79EFBC}") = "Domain", "GC.Domain\Domain.csproj", "{AF4B82D6-EFBE-479A-BB0B-51BE22F59FDF}"
EndProject
Project("{FAE04EC0-301F-11D3-BF4B-00C04F79EFBC}") = "Infrastructure", "GC.Infrastructure\Infrastructure.csproj", "{C8432101-178D-4396-A253-908CBF2B9EEE}"
EndProject
Project("{FAE04EC0-301F-11D3-BF4B-00C04F79EFBC}") = "GlobalConnect.UnitTests", "GlobalConnect.UnitTests\GlobalConnect.UnitTests.csproj", "{262AD6A6-8693-48AA-9805-3F0F8A6A9003}"
EndProject
Project("{2150E333-8FDC-42A3-9474-1A3956D46DE8}") = "src", "src", "{02EA681E-C7D8-13C7-8484-4AC65E1B71E8}"
EndProject
Project("{2150E333-8FDC-42A3-9474-1A3956D46DE8}") = "tests", "tests", "{9F808D7D-2024-4718-9A35-9BE063B7E897}"
EndProject
Global
	GlobalSection(SolutionConfigurationPlatforms) = preSolution
		Debug|Any CPU = Debug|Any CPU
		Debug|x64 = Debug|x64
		Debug|x86 = Debug|x86
		Release|Any CPU = Release|Any CPU
		Release|x64 = Release|x64
		Release|x86 = Release|x86
	EndGlobalSection
	GlobalSection(ProjectConfigurationPlatforms) = postSolution
		{3BA53722-093A-4B61-BC09-5393E439A869}.Debug|Any CPU.ActiveCfg = Debug|Any CPU
		{3BA53722-093A-4B61-BC09-5393E439A869}.Debug|Any CPU.Build.0 = Debug|Any CPU
		{3BA53722-093A-4B61-BC09-5393E439A869}.Debug|x64.ActiveCfg = Debug|Any CPU
		{3BA53722-093A-4B61-BC09-5393E439A869}.Debug|x64.Build.0 = Debug|Any CPU
		{3BA53722-093A-4B61-BC09-5393E439A869}.Debug|x86.ActiveCfg = Debug|Any CPU
		{3BA53722-093A-4B61-BC09-5393E439A869}.Debug|x86.Build.0 = Debug|Any CPU
		{3BA53722-093A-4B61-BC09-5393E439A869}.Release|Any CPU.ActiveCfg = Release|Any CPU
		{3BA53722-093A-4B61-BC09-5393E439A869}.Release|Any CPU.Build.0 = Release|Any CPU
		{3BA53722-093A-4B61-BC09-5393E439A869}.Release|x64.ActiveCfg = Release|Any CPU
		{3BA53722-093A-4B61-BC09-5393E439A869}.Release|x64.Build.0 = Release|Any CPU
		{3BA53722-093A-4B61-BC09-5393E439A869}.Release|x86.ActiveCfg = Release|Any CPU
		{3BA53722-093A-4B61-BC09-5393E439A869}.Release|x86.Build.0 = Release|Any CPU
		{F0160AC2-DB68-49AF-BB69-0F6598622925}.Debug|Any CPU.ActiveCfg = Debug|Any CPU
		{F0160AC2-DB68-49AF-BB69-0F6598622925}.Debug|Any CPU.Build.0 = Debug|Any CPU
		{F0160AC2-DB68-49AF-BB69-0F6598622925}.Debug|x64.ActiveCfg = Debug|Any CPU
		{F0160AC2-DB68-49AF-BB69-0F6598622925}.Debug|x64.Build.0 = Debug|Any CPU
		{F0160AC2-DB68-49AF-BB69-0F6598622925}.Debug|x86.ActiveCfg = Debug|Any CPU
		{F0160AC2-DB68-49AF-BB69-0F6598622925}.Debug|x86.Build.0 = Debug|Any CPU
		{F0160AC2-DB68-49AF-BB69-0F6598622925}.Release|Any CPU.ActiveCfg = Release|Any CPU
		{F0160AC2-DB68-49AF-BB69-0F6598622925}.Release|Any CPU.Build.0 = Release|Any CPU
		{F0160AC2-DB68-49AF-BB69-0F6598622925}.Release|x64.ActiveCfg = Release|Any CPU
		{F0160AC2-DB68-49AF-BB69-0F6598622925}.Release|x64.Build.0 = Release|Any CPU
		{F0160AC2-DB68-49AF-BB69-0F6598622925}.Release|x86.ActiveCfg = Release|Any CPU
		{F0160AC2-DB68-49AF-BB69-0F6598622925}.Release|x86.Build.0 = Release|Any CPU
		{AF4B82D6-EFBE-479A-BB0B-51BE22F59FDF}.Debug|Any CPU.ActiveCfg = Debug|Any CPU
		{AF4B82D6-EFBE-479A-BB0B-51BE22F59FDF}.Debug|Any CPU.Build.0 = Debug|Any CPU
		{AF4B82D6-EFBE-479A-BB0B-51BE22F59FDF}.Debug|x64.ActiveCfg = Debug|Any CPU
		{AF4B82D6-EFBE-479A-BB0B-51BE22F59FDF}.Debug|x64.Build.0 = Debug|Any CPU
		{AF4B82D6-EFBE-479A-BB0B-51BE22F59FDF}.Debug|x86.ActiveCfg = Debug|Any CPU
		{AF4B82D6-EFBE-479A-BB0B-51BE22F59FDF}.Debug|x86.Build.0 = Debug|Any CPU
		{AF4B82D6-EFBE-479A-BB0B-51BE22F59FDF}.Release|Any CPU.ActiveCfg = Release|Any CPU
		{AF4B82D6-EFBE-479A-BB0B-51BE22F59FDF}.Release|Any CPU.Build.0 = Release|Any CPU
		{AF4B82D6-EFBE-479A-BB0B-51BE22F59FDF}.Release|x64.ActiveCfg = Release|Any CPU
		{AF4B82D6-EFBE-479A-BB0B-51BE22F59FDF}.Release|x64.Build.0 = Release|Any CPU
		{AF4B82D6-EFBE-479A-BB0B-51BE22F59FDF}.Release|x86.ActiveCfg = Release|Any CPU
		{AF4B82D6-EFBE-479A-BB0B-51BE22F59FDF}.Release|x86.Build.0 = Release|Any CPU
		{C8432101-178D-4396-A253-908CBF2B9EEE}.Debug|Any CPU.ActiveCfg = Debug|Any CPU
		{C8432101-178D-4396-A253-908CBF2B9EEE}.Debug|Any CPU.Build.0 = Debug|Any CPU
		{C8432101-178D-4396-A253-908CBF2B9EEE}.Debug|x64.ActiveCfg = Debug|Any CPU
		{C8432101-178D-4396-A253-908CBF2B9EEE}.Debug|x64.Build.0 = Debug|Any CPU
		{C8432101-178D-4396-A253-908CBF2B9EEE}.Debug|x86.ActiveCfg = Debug|Any CPU
		{C8432101-178D-4396-A253-908CBF2B9EEE}.Debug|x86.Build.0 = Debug|Any CPU
		{C8432101-178D-4396-A253-908CBF2B9EEE}.Release|Any CPU.ActiveCfg = Release|Any CPU
		{C8432101-178D-4396-A253-908CBF2B9EEE}.Release|Any CPU.Build.0 = Release|Any CPU
		{C8432101-178D-4396-A253-908CBF2B9EEE}.Release|x64.ActiveCfg = Release|Any CPU
		{C8432101-178D-4396-A253-908CBF2B9EEE}.Release|x64.Build.0 = Release|Any CPU
		{C8432101-178D-4396-A253-908CBF2B9EEE}.Release|x86.ActiveCfg = Release|Any CPU
		{C8432101-178D-4396-A253-908CBF2B9EEE}.Release|x86.Build.0 = Release|Any CPU
		{262AD6A6-8693-48AA-9805-3F0F8A6A9003}.Debug|Any CPU.ActiveCfg = Debug|Any CPU
		{262AD6A6-8693-48AA-9805-3F0F8A6A9003}.Debug|Any CPU.Build.0 = Debug|Any CPU
		{262AD6A6-8693-48AA-9805-3F0F8A6A9003}.Debug|x64.ActiveCfg = Debug|Any CPU
		{262AD6A6-8693-48AA-9805-3F0F8A6A9003}.Debug|x64.Build.0 = Debug|Any CPU
		{262AD6A6-8693-48AA-9805-3F0F8A6A9003}.Debug|x86.ActiveCfg = Debug|Any CPU
		{262AD6A6-8693-48AA-9805-3F0F8A6A9003}.Debug|x86.Build.0 = Debug|Any CPU
		{262AD6A6-8693-48AA-9805-3F0F8A6A9003}.Release|Any CPU.ActiveCfg = Release|Any CPU
		{262AD6A6-8693-48AA-9805-3F0F8A6A9003}.Release|Any CPU.Build.0 = Release|Any CPU
		{262AD6A6-8693-48AA-9805-3F0F8A6A9003}.Release|x64.ActiveCfg = Release|Any CPU
		{262AD6A6-8693-48AA-9805-3F0F8A6A9003}.Release|x64.Build.0 = Release|Any CPU
		{262AD6A6-8693-48AA-9805-3F0F8A6A9003}.Release|x86.ActiveCfg = Release|Any CPU
		{262AD6A6-8693-48AA-9805-3F0F8A6A9003}.Release|x86.Build.0 = Release|Any CPU
	EndGlobalSection
	GlobalSection(SolutionProperties) = preSolution
		HideSolutionNode = FALSE
	EndGlobalSection
	GlobalSection(NestedProjects) = preSolution
		{3BA53722-093A-4B61-BC09-5393E439A869} = {02EA681E-C7D8-13C7-8484-4AC65E1B71E8}
		{F0160AC2-DB68-49AF-BB69-0F6598622925} = {02EA681E-C7D8-13C7-8484-4AC65E1B71E8}
		{AF4B82D6-EFBE-479A-BB0B-51BE22F59FDF} = {02EA681E-C7D8-13C7-8484-4AC65E1B71E8}
		{C8432101-178D-4396-A253-908CBF2B9EEE} = {02EA681E-C7D8-13C7-8484-4AC65E1B71E8}
		{262AD6A6-8693-48AA-9805-3F0F8A6A9003} = {9F808D7D-2024-4718-9A35-9BE063B7E897}
	EndGlobalSection
	GlobalSection(ExtensibilityGlobals) = postSolution
		SolutionGuid = {5CFF98C7-30F2-42A4-9791-6E7527E59302}
	EndGlobalSection
EndGlobal
